{
    "name": "生成二维码。传入链接，即可使用，可快速扫出链接",
    "version": "1.0.7",
    "lockfileVersion": 2,
    "requires": true,
    "packages": {
        "": {
            "name": "生成二维码。传入链接，即可使用，可快速扫出链接",
            "version": "1.0.7",
            "dependencies": {
                "axios": "^0.21.1",
                "vue-i18n": "^8.24.4",
                "xmldom": "^0.6.0"
            }
        },
        "node_modules/axios": {
            "version": "0.21.1",
            "resolved": "https://mirrors.huaweicloud.com/repository/npm/axios/-/axios-0.21.1.tgz",
            "integrity": "sha512-dKQiRHxGD9PPRIUNIWvZhPTPpl1rf/OxTYKsqKUDjBwYylTvV7SjSHJb9ratfyzM6wCdLCOYLzs73qpg5c4iGA==",
            "dependencies": {
                "follow-redirects": "^1.10.0"
            }
        },
        "node_modules/follow-redirects": {
            "version": "1.14.1",
            "resolved": "https://mirrors.huaweicloud.com/repository/npm/follow-redirects/-/follow-redirects-1.14.1.tgz",
            "integrity": "sha512-HWqDgT7ZEkqRzBvc2s64vSZ/hfOceEol3ac/7tKwzuvEyWx3/4UegXh5oBOIotkGsObyk3xznnSRVADBgWSQVg==",
            "engines": {
                "node": ">=4.0"
            },
            "peerDependenciesMeta": {
                "debug": {
                    "optional": true
                }
            }
        },
        "node_modules/vue-i18n": {
            "version": "8.24.4",
            "resolved": "https://registry.nlark.com/vue-i18n/download/vue-i18n-8.24.4.tgz?cache=0&sync_timestamp=1619621800433&other_urls=https%3A%2F%2Fregistry.nlark.com%2Fvue-i18n%2Fdownload%2Fvue-i18n-8.24.4.tgz",
            "integrity": "sha1-sVhhTB332xg9nK3du3Ph1UAmlJI="
        },
        "node_modules/xmldom": {
            "version": "0.6.0",
            "resolved": "https://mirrors.huaweicloud.com/repository/npm/xmldom/-/xmldom-0.6.0.tgz",
            "integrity": "sha512-iAcin401y58LckRZ0TkI4k0VSM1Qg0KGSc3i8rU+xrxe19A/BN1zHyVSJY7uoutVlaTSzYyk/v5AmkewAP7jtg==",
            "engines": {
                "node": ">=10.0.0"
            }
        }
    },
    "dependencies": {
        "axios": {
            "version": "0.21.1",
            "resolved": "https://mirrors.huaweicloud.com/repository/npm/axios/-/axios-0.21.1.tgz",
            "integrity": "sha512-dKQiRHxGD9PPRIUNIWvZhPTPpl1rf/OxTYKsqKUDjBwYylTvV7SjSHJb9ratfyzM6wCdLCOYLzs73qpg5c4iGA==",
            "requires": {
                "follow-redirects": "^1.10.0"
            }
        },
        "follow-redirects": {
            "version": "1.14.1",
            "resolved": "https://mirrors.huaweicloud.com/repository/npm/follow-redirects/-/follow-redirects-1.14.1.tgz",
            "integrity": "sha512-HWqDgT7ZEkqRzBvc2s64vSZ/hfOceEol3ac/7tKwzuvEyWx3/4UegXh5oBOIotkGsObyk3xznnSRVADBgWSQVg=="
        },
        "vue-i18n": {
            "version": "8.24.4",
            "resolved": "https://registry.nlark.com/vue-i18n/download/vue-i18n-8.24.4.tgz?cache=0&sync_timestamp=1619621800433&other_urls=https%3A%2F%2Fregistry.nlark.com%2Fvue-i18n%2Fdownload%2Fvue-i18n-8.24.4.tgz",
            "integrity": "sha1-sVhhTB332xg9nK3du3Ph1UAmlJI="
        },
        "xmldom": {
            "version": "0.6.0",
            "resolved": "https://mirrors.huaweicloud.com/repository/npm/xmldom/-/xmldom-0.6.0.tgz",
            "integrity": "sha512-iAcin401y58LckRZ0TkI4k0VSM1Qg0KGSc3i8rU+xrxe19A/BN1zHyVSJY7uoutVlaTSzYyk/v5AmkewAP7jtg=="
        }
    }
}
